
Microsoft Visual Studio Solution File, Format Version 11.00
# Visual Studio 2010
Project("{FAE04EC0-301F-11D3-BF4B-00C04F79EFBC}") = "StockSharp.Studio.Controls", "StockSharp.Studio.Controls.csproj", "{49EC6636-F5D3-480C-B19C-93103E4F9CA2}"
EndProject
Global
	GlobalSection(SolutionConfigurationPlatforms) = preSolution
		Debug|Any CPU = Debug|Any CPU
		Release|Any CPU = Release|Any CPU
	EndGlobalSection
	GlobalSection(ProjectConfigurationPlatforms) = postSolution
		{49EC6636-F5D3-480C-B19C-93103E4F9CA2}.Debug|Any CPU.ActiveCfg = Debug|Any CPU
		{49EC6636-F5D3-480C-B19C-93103E4F9CA2}.Debug|Any CPU.Build.0 = Debug|Any CPU
		{49EC6636-F5D3-480C-B19C-93103E4F9CA2}.Release|Any CPU.ActiveCfg = Release|Any CPU
		{49EC6636-F5D3-480C-B19C-93103E4F9CA2}.Release|Any CPU.Build.0 = Release|Any CPU
	EndGlobalSection
	GlobalSection(SolutionProperties) = preSolution
		HideSolutionNode = FALSE
	EndGlobalSection
EndGlobal
