
Microsoft Visual Studio Solution File, Format Version 9.00
# Visual Studio 2005
Project("{FAE04EC0-301F-11D3-BF4B-00C04F79EFBC}") = "StockSharp.Algo.Strategies", "StockSharp.Algo.Strategies.csproj", "{BDADEE74-F768-41C0-8DB4-3EC45604FC7C}"
EndProject
Global
	GlobalSection(SolutionConfigurationPlatforms) = preSolution
		Debug|Any CPU = Debug|Any CPU
		Release|Any CPU = Release|Any CPU
	EndGlobalSection
	GlobalSection(ProjectConfigurationPlatforms) = postSolution
		{BDADEE74-F768-41C0-8DB4-3EC45604FC7C}.Debug|Any CPU.ActiveCfg = Debug|Any CPU
		{BDADEE74-F768-41C0-8DB4-3EC45604FC7C}.Debug|Any CPU.Build.0 = Debug|Any CPU
		{BDADEE74-F768-41C0-8DB4-3EC45604FC7C}.Release|Any CPU.ActiveCfg = Release|Any CPU
		{BDADEE74-F768-41C0-8DB4-3EC45604FC7C}.Release|Any CPU.Build.0 = Release|Any CPU
	EndGlobalSection
	GlobalSection(SolutionProperties) = preSolution
		HideSolutionNode = FALSE
	EndGlobalSection
EndGlobal
