
Microsoft Visual Studio Solution File, Format Version 11.00
# Visual Studio 2010
Project("{FAE04EC0-301F-11D3-BF4B-00C04F79EFBC}") = "StockSharp.Studio.WebApi", "StockSharp.Studio.WebApi.csproj", "{FAA54529-FB3D-462C-9AA7-5E05BEF0DA1B}"
EndProject
Global
	GlobalSection(SolutionConfigurationPlatforms) = preSolution
		Debug|Any CPU = Debug|Any CPU
		Release|Any CPU = Release|Any CPU
	EndGlobalSection
	GlobalSection(ProjectConfigurationPlatforms) = postSolution
		{FAA54529-FB3D-462C-9AA7-5E05BEF0DA1B}.Debug|Any CPU.ActiveCfg = Debug|Any CPU
		{FAA54529-FB3D-462C-9AA7-5E05BEF0DA1B}.Debug|Any CPU.Build.0 = Debug|Any CPU
		{FAA54529-FB3D-462C-9AA7-5E05BEF0DA1B}.Release|Any CPU.ActiveCfg = Release|Any CPU
		{FAA54529-FB3D-462C-9AA7-5E05BEF0DA1B}.Release|Any CPU.Build.0 = Release|Any CPU
	EndGlobalSection
	GlobalSection(SolutionProperties) = preSolution
		HideSolutionNode = FALSE
	EndGlobalSection
EndGlobal
