
Microsoft Visual Studio Solution File, Format Version 11.00
# Visual Studio 2010
Project("{FAE04EC0-301F-11D3-BF4B-00C04F79EFBC}") = "StockSharp.Studio.WebApi.UI", "StockSharp.Studio.WebApi.UI.csproj", "{8AEF2C48-EEEC-4FFD-BF87-B2F9373284B7}"
EndProject
Global
	GlobalSection(SolutionConfigurationPlatforms) = preSolution
		Debug|Any CPU = Debug|Any CPU
		Release|Any CPU = Release|Any CPU
	EndGlobalSection
	GlobalSection(ProjectConfigurationPlatforms) = postSolution
		{8AEF2C48-EEEC-4FFD-BF87-B2F9373284B7}.Debug|Any CPU.ActiveCfg = Debug|Any CPU
		{8AEF2C48-EEEC-4FFD-BF87-B2F9373284B7}.Debug|Any CPU.Build.0 = Debug|Any CPU
		{8AEF2C48-EEEC-4FFD-BF87-B2F9373284B7}.Release|Any CPU.ActiveCfg = Release|Any CPU
		{8AEF2C48-EEEC-4FFD-BF87-B2F9373284B7}.Release|Any CPU.Build.0 = Release|Any CPU
	EndGlobalSection
	GlobalSection(SolutionProperties) = preSolution
		HideSolutionNode = FALSE
	EndGlobalSection
EndGlobal
